<?xml version="1.0" encoding="utf-8"?>
<Project ToolsVersion="4.0" xmlns="http://schemas.microsoft.com/developer/msbuild/2003">
  <ItemGroup>
    <Filter Include="Source Files">
      <UniqueIdentifier>{4FC737F1-C7A5-4376-A066-2A32D752A2FF}</UniqueIdentifier>
      <Extensions>cpp;c;cc;cxx;def;odl;idl;hpj;bat;asm;asmx</Extensions>
    </Filter>
    <Filter Include="Header Files">
      <UniqueIdentifier>{93995380-89BD-4b04-88EB-625FBE52EBFB}</UniqueIdentifier>
      <Extensions>h;hh;hpp;hxx;hm;inl;inc;xsd</Extensions>
    </Filter>
    <Filter Include="Resource Files">
      <UniqueIdentifier>{67DA6AB6-F800-4c08-8B7A-83BB121AAD01}</UniqueIdentifier>
      <Extensions>rc;ico;cur;bmp;dlg;rc2;rct;bin;rgs;gif;jpg;jpeg;jpe;resx;tiff;tif;png;wav;mfcribbon-ms</Extensions>
    </Filter>
    <Filter Include="Header Files\API">
      <UniqueIdentifier>{804c3315-d245-4583-a43c-1931e37ad374}</UniqueIdentifier>
    </Filter>
    <Filter Include="Source Files\API">
      <UniqueIdentifier>{22193bc1-a1b2-4ad0-879f-3ea815198144}</UniqueIdentifier>
    </Filter>
    <Filter Include="Source Files\Graphic">
      <UniqueIdentifier>{d746310c-7fda-4a9c-a8c3-5743d202a93d}</UniqueIdentifier>
    </Filter>
    <Filter Include="Header Files\Graphic">
      <UniqueIdentifier>{86860963-d465-4abb-9af9-73732b5e7d71}</UniqueIdentifier>
    </Filter>
    <Filter Include="Header Files\Old">
      <UniqueIdentifier>{5f5879b5-abec-4fc6-829c-0e532c3cd67a}</UniqueIdentifier>
    </Filter>
    <Filter Include="Source Files\Old">
      <UniqueIdentifier>{dcd2ad50-9368-42ce-91cc-2d4c6252b70b}</UniqueIdentifier>
    </Filter>
  </ItemGroup>
  <ItemGroup>
    <ClCompile Include="ElementBuffer.cpp">
      <Filter>Source Files\API</Filter>
    </ClCompile>
    <ClCompile Include="GLerror.cpp">
      <Filter>Source Files\API</Filter>
    </ClCompile>
    <ClCompile Include="Shader.cpp">
      <Filter>Source Files\API</Filter>
    </ClCompile>
    <ClCompile Include="ShaderProgram.cpp">
      <Filter>Source Files\API</Filter>
    </ClCompile>
    <ClCompile Include="VertexArray.cpp">
      <Filter>Source Files\API</Filter>
    </ClCompile>
    <ClCompile Include="VertexAttributeLayout.cpp">
      <Filter>Source Files\API</Filter>
    </ClCompile>
    <ClCompile Include="VertexBuffer.cpp">
      <Filter>Source Files\API</Filter>
    </ClCompile>
    <ClCompile Include="ABuffer.cpp">
      <Filter>Source Files\API</Filter>
    </ClCompile>
    <ClCompile Include="GlException.cpp">
      <Filter>Source Files\API</Filter>
    </ClCompile>
    <ClCompile Include="Texture.cpp">
      <Filter>Source Files\API</Filter>
    </ClCompile>
    <ClCompile Include="Bitmap.cpp">
      <Filter>Source Files\Graphic</Filter>
    </ClCompile>
    <ClCompile Include="Camera.cpp">
      <Filter>Source Files\Old</Filter>
    </ClCompile>
    <ClCompile Include="FreeCamera.cpp">
      <Filter>Source Files\Old</Filter>
    </ClCompile>
    <ClCompile Include="Input.cpp">
      <Filter>Source Files\Old</Filter>
    </ClCompile>
    <ClCompile Include="Log.cpp">
      <Filter>Source Files\Old</Filter>
    </ClCompile>
    <ClCompile Include="TextureFactory.cpp">
      <Filter>Source Files\Old</Filter>
    </ClCompile>
    <ClCompile Include="Textureold.cpp">
      <Filter>Source Files\Old</Filter>
    </ClCompile>
    <ClCompile Include="Window.cpp">
      <Filter>Source Files\Old</Filter>
    </ClCompile>
    <ClCompile Include="VertexAttribute.cpp">
      <Filter>Source Files\API</Filter>
    </ClCompile>
  </ItemGroup>
  <ItemGroup>
    <ClInclude Include="VertexBuffer.h">
      <Filter>Header Files\API</Filter>
    </ClInclude>
    <ClInclude Include="ElementBuffer.h">
      <Filter>Header Files\API</Filter>
    </ClInclude>
    <ClInclude Include="GLerror.h">
      <Filter>Header Files\API</Filter>
    </ClInclude>
    <ClInclude Include="Shader.h">
      <Filter>Header Files\API</Filter>
    </ClInclude>
    <ClInclude Include="ShaderProgram.h">
      <Filter>Header Files\API</Filter>
    </ClInclude>
    <ClInclude Include="VertexArray.h">
      <Filter>Header Files\API</Filter>
    </ClInclude>
    <ClInclude Include="VertexAttributeLayout.h">
      <Filter>Header Files\API</Filter>
    </ClInclude>
    <ClInclude Include="ABuffer.h">
      <Filter>Header Files\API</Filter>
    </ClInclude>
    <ClInclude Include="GlException.h">
      <Filter>Header Files\API</Filter>
    </ClInclude>
    <ClInclude Include="Texture.h">
      <Filter>Header Files\API</Filter>
    </ClInclude>
    <ClInclude Include="Bitmap.h">
      <Filter>Header Files\Graphic</Filter>
    </ClInclude>
    <ClInclude Include="Camera.h">
      <Filter>Header Files\Old</Filter>
    </ClInclude>
    <ClInclude Include="FreeCamera.h">
      <Filter>Header Files\Old</Filter>
    </ClInclude>
    <ClInclude Include="Input.h">
      <Filter>Header Files\Old</Filter>
    </ClInclude>
    <ClInclude Include="Log.h">
      <Filter>Header Files\Old</Filter>
    </ClInclude>
    <ClInclude Include="TextureFactory.h">
      <Filter>Header Files\Old</Filter>
    </ClInclude>
    <ClInclude Include="Textureold.h">
      <Filter>Header Files\Old</Filter>
    </ClInclude>
    <ClInclude Include="Window.h">
      <Filter>Header Files\Old</Filter>
    </ClInclude>
    <ClInclude Include="VertexAttribute.h">
      <Filter>Header Files\API</Filter>
    </ClInclude>
  </ItemGroup>
  <ItemGroup>
    <Text Include="TODO.txt" />
  </ItemGroup>
</Project>